
Microsoft Visual Studio Solution File, Format Version 12.00
# Visual Studio 15
VisualStudioVersion = 15.0.26403.7
MinimumVisualStudioVersion = 10.0.40219.1
Project("{FAE04EC0-301F-11D3-BF4B-00C04F79EFBC}") = "DXWebForms", "DXWebForms\DXWebForms.csproj", "{3C7F6833-18C1-4A28-89A0-A3C7A13AEE31}"
EndProject
Project("{FAE04EC0-301F-11D3-BF4B-00C04F79EFBC}") = "DXData", "DXData\DXData.csproj", "{8DF31040-CB3C-4315-BCE7-CCF99482DF8E}"
EndProject
Project("{FAE04EC0-301F-11D3-BF4B-00C04F79EFBC}") = "DXMVC", "DXMVC\DXMVC.csproj", "{960CAEE5-1F8F-4710-8475-4032E25C4DA4}"
EndProject
Global
	GlobalSection(SolutionConfigurationPlatforms) = preSolution
		Debug|Any CPU = Debug|Any CPU
		Release|Any CPU = Release|Any CPU
	EndGlobalSection
	GlobalSection(ProjectConfigurationPlatforms) = postSolution
		{3C7F6833-18C1-4A28-89A0-A3C7A13AEE31}.Debug|Any CPU.ActiveCfg = Debug|Any CPU
		{3C7F6833-18C1-4A28-89A0-A3C7A13AEE31}.Debug|Any CPU.Build.0 = Debug|Any CPU
		{3C7F6833-18C1-4A28-89A0-A3C7A13AEE31}.Release|Any CPU.ActiveCfg = Release|Any CPU
		{3C7F6833-18C1-4A28-89A0-A3C7A13AEE31}.Release|Any CPU.Build.0 = Release|Any CPU
		{8DF31040-CB3C-4315-BCE7-CCF99482DF8E}.Debug|Any CPU.ActiveCfg = Debug|Any CPU
		{8DF31040-CB3C-4315-BCE7-CCF99482DF8E}.Debug|Any CPU.Build.0 = Debug|Any CPU
		{8DF31040-CB3C-4315-BCE7-CCF99482DF8E}.Release|Any CPU.ActiveCfg = Release|Any CPU
		{8DF31040-CB3C-4315-BCE7-CCF99482DF8E}.Release|Any CPU.Build.0 = Release|Any CPU
		{960CAEE5-1F8F-4710-8475-4032E25C4DA4}.Debug|Any CPU.ActiveCfg = Debug|Any CPU
		{960CAEE5-1F8F-4710-8475-4032E25C4DA4}.Debug|Any CPU.Build.0 = Debug|Any CPU
		{960CAEE5-1F8F-4710-8475-4032E25C4DA4}.Release|Any CPU.ActiveCfg = Release|Any CPU
		{960CAEE5-1F8F-4710-8475-4032E25C4DA4}.Release|Any CPU.Build.0 = Release|Any CPU
	EndGlobalSection
	GlobalSection(SolutionProperties) = preSolution
		HideSolutionNode = FALSE
	EndGlobalSection
	GlobalSection(ExtensibilityGlobals) = postSolution
		SolutionGuid = {307873EA-8DEA-40CE-8171-EEF3E514057C}
	EndGlobalSection
EndGlobal
